// !$*UTF8*$!
{
	archiveVersion = 1;
	classes = {
	};
	objectVersion = 56;
	objects = {

/* Begin PBXBuildFile section */
		6C6D2BA12B9808F100111E70 /* CanadaSceneViewController.swift in Sources */ = {isa = PBXBuildFile; fileRef = 6C6D2BA02B9808F100111E70 /* CanadaSceneViewController.swift */; };
		6C6D2BA32B98091C00111E70 /* FunctionSceneViewController.swift in Sources */ = {isa = PBXBuildFile; fileRef = 6C6D2BA22B98091C00111E70 /* FunctionSceneViewController.swift */; };
		6C6D2BA52B980A4100111E70 /* Lab2ViewController.swift in Sources */ = {isa = PBXBuildFile; fileRef = 6C6D2BA42B980A4100111E70 /* Lab2ViewController.swift */; };
		6C6D2BA72B980A5300111E70 /* Lab3ViewController.swift in Sources */ = {isa = PBXBuildFile; fileRef = 6C6D2BA62B980A5300111E70 /* Lab3ViewController.swift */; };
		6C6D2BA92B980A5E00111E70 /* Lab4ViewController.swift in Sources */ = {isa = PBXBuildFile; fileRef = 6C6D2BA82B980A5E00111E70 /* Lab4ViewController.swift */; };
		6C6D2BAB2B980AFA00111E70 /* QuadraticSceneViewController.swift in Sources */ = {isa = PBXBuildFile; fileRef = 6C6D2BAA2B980AFA00111E70 /* QuadraticSceneViewController.swift */; };
		6CC584B52B97D32E00070734 /* AppDelegate.swift in Sources */ = {isa = PBXBuildFile; fileRef = 6CC584B42B97D32E00070734 /* AppDelegate.swift */; };
		6CC584B72B97D32E00070734 /* SceneDelegate.swift in Sources */ = {isa = PBXBuildFile; fileRef = 6CC584B62B97D32E00070734 /* SceneDelegate.swift */; };
		6CC584B92B97D32E00070734 /* MyLabsViewController.swift in Sources */ = {isa = PBXBuildFile; fileRef = 6CC584B82B97D32E00070734 /* MyLabsViewController.swift */; };
		6CC584BC2B97D32E00070734 /* Main.storyboard in Resources */ = {isa = PBXBuildFile; fileRef = 6CC584BA2B97D32E00070734 /* Main.storyboard */; };
		6CC584BE2B97D32F00070734 /* Assets.xcassets in Resources */ = {isa = PBXBuildFile; fileRef = 6CC584BD2B97D32F00070734 /* Assets.xcassets */; };
		6CC584C12B97D32F00070734 /* LaunchScreen.storyboard in Resources */ = {isa = PBXBuildFile; fileRef = 6CC584BF2B97D32F00070734 /* LaunchScreen.storyboard */; };
		6CC584CC2B97D32F00070734 /* Rup_Chandra_Khatri_MT_8964748Tests.swift in Sources */ = {isa = PBXBuildFile; fileRef = 6CC584CB2B97D32F00070734 /* Rup_Chandra_Khatri_MT_8964748Tests.swift */; };
		6CC584D62B97D32F00070734 /* Rup_Chandra_Khatri_MT_8964748UITests.swift in Sources */ = {isa = PBXBuildFile; fileRef = 6CC584D52B97D32F00070734 /* Rup_Chandra_Khatri_MT_8964748UITests.swift */; };
		6CC584D82B97D32F00070734 /* Rup_Chandra_Khatri_MT_8964748UITestsLaunchTests.swift in Sources */ = {isa = PBXBuildFile; fileRef = 6CC584D72B97D32F00070734 /* Rup_Chandra_Khatri_MT_8964748UITestsLaunchTests.swift */; };
/* End PBXBuildFile section */

/* Begin PBXContainerItemProxy section */
		6CC584C82B97D32F00070734 /* PBXContainerItemProxy */ = {
			isa = PBXContainerItemProxy;
			containerPortal = 6CC584A92B97D32E00070734 /* Project object */;
			proxyType = 1;
			remoteGlobalIDString = 6CC584B02B97D32E00070734;
			remoteInfo = Rup_Chandra_Khatri_MT_8964748;
		};
		6CC584D22B97D32F00070734 /* PBXContainerItemProxy */ = {
			isa = PBXContainerItemProxy;
			containerPortal = 6CC584A92B97D32E00070734 /* Project object */;
			proxyType = 1;
			remoteGlobalIDString = 6CC584B02B97D32E00070734;
			remoteInfo = Rup_Chandra_Khatri_MT_8964748;
		};
/* End PBXContainerItemProxy section */

/* Begin PBXFileReference section */
		6C6D2BA02B9808F100111E70 /* CanadaSceneViewController.swift */ = {isa = PBXFileReference; lastKnownFileType = sourcecode.swift; path = CanadaSceneViewController.swift; sourceTree = "<group>"; };
		6C6D2BA22B98091C00111E70 /* FunctionSceneViewController.swift */ = {isa = PBXFileReference; lastKnownFileType = sourcecode.swift; path = FunctionSceneViewController.swift; sourceTree = "<group>"; };
		6C6D2BA42B980A4100111E70 /* Lab2ViewController.swift */ = {isa = PBXFileReference; lastKnownFileType = sourcecode.swift; path = Lab2ViewController.swift; sourceTree = "<group>"; };
		6C6D2BA62B980A5300111E70 /* Lab3ViewController.swift */ = {isa = PBXFileReference; lastKnownFileType = sourcecode.swift; path = Lab3ViewController.swift; sourceTree = "<group>"; };
		6C6D2BA82B980A5E00111E70 /* Lab4ViewController.swift */ = {isa = PBXFileReference; lastKnownFileType = sourcecode.swift; path = Lab4ViewController.swift; sourceTree = "<group>"; };
		6C6D2BAA2B980AFA00111E70 /* QuadraticSceneViewController.swift */ = {isa = PBXFileReference; lastKnownFileType = sourcecode.swift; path = QuadraticSceneViewController.swift; sourceTree = "<group>"; };
		6CC584B12B97D32E00070734 /* Rup_Chandra_Khatri_MT_8964748.app */ = {isa = PBXFileReference; explicitFileType = wrapper.application; includeInIndex = 0; path = Rup_Chandra_Khatri_MT_8964748.app; sourceTree = BUILT_PRODUCTS_DIR; };
		6CC584B42B97D32E00070734 /* AppDelegate.swift */ = {isa = PBXFileReference; lastKnownFileType = sourcecode.swift; path = AppDelegate.swift; sourceTree = "<group>"; };
		6CC584B62B97D32E00070734 /* SceneDelegate.swift */ = {isa = PBXFileReference; lastKnownFileType = sourcecode.swift; path = SceneDelegate.swift; sourceTree = "<group>"; };
		6CC584B82B97D32E00070734 /* MyLabsViewController.swift */ = {isa = PBXFileReference; lastKnownFileType = sourcecode.swift; path = MyLabsViewController.swift; sourceTree = "<group>"; };
		6CC584BB2B97D32E00070734 /* Base */ = {isa = PBXFileReference; lastKnownFileType = file.storyboard; name = Base; path = Base.lproj/Main.storyboard; sourceTree = "<group>"; };
		6CC584BD2B97D32F00070734 /* Assets.xcassets */ = {isa = PBXFileReference; lastKnownFileType = folder.assetcatalog; path = Assets.xcassets; sourceTree = "<group>"; };
		6CC584C02B97D32F00070734 /* Base */ = {isa = PBXFileReference; lastKnownFileType = file.storyboard; name = Base; path = Base.lproj/LaunchScreen.storyboard; sourceTree = "<group>"; };
		6CC584C22B97D32F00070734 /* Info.plist */ = {isa = PBXFileReference; lastKnownFileType = text.plist.xml; path = Info.plist; sourceTree = "<group>"; };
		6CC584C72B97D32F00070734 /* Rup_Chandra_Khatri_MT_8964748Tests.xctest */ = {isa = PBXFileReference; explicitFileType = wrapper.cfbundle; includeInIndex = 0; path = Rup_Chandra_Khatri_MT_8964748Tests.xctest; sourceTree = BUILT_PRODUCTS_DIR; };
		6CC584CB2B97D32F00070734 /* Rup_Chandra_Khatri_MT_8964748Tests.swift */ = {isa = PBXFileReference; lastKnownFileType = sourcecode.swift; path = Rup_Chandra_Khatri_MT_8964748Tests.swift; sourceTree = "<group>"; };
		6CC584D12B97D32F00070734 /* Rup_Chandra_Khatri_MT_8964748UITests.xctest */ = {isa = PBXFileReference; explicitFileType = wrapper.cfbundle; includeInIndex = 0; path = Rup_Chandra_Khatri_MT_8964748UITests.xctest; sourceTree = BUILT_PRODUCTS_DIR; };
		6CC584D52B97D32F00070734 /* Rup_Chandra_Khatri_MT_8964748UITests.swift */ = {isa = PBXFileReference; lastKnownFileType = sourcecode.swift; path = Rup_Chandra_Khatri_MT_8964748UITests.swift; sourceTree = "<group>"; };
		6CC584D72B97D32F00070734 /* Rup_Chandra_Khatri_MT_8964748UITestsLaunchTests.swift */ = {isa = PBXFileReference; lastKnownFileType = sourcecode.swift; path = Rup_Chandra_Khatri_MT_8964748UITestsLaunchTests.swift; sourceTree = "<group>"; };
/* End PBXFileReference section */

/* Begin PBXFrameworksBuildPhase section */
		6CC584AE2B97D32E00070734 /* Frameworks */ = {
			isa = PBXFrameworksBuildPhase;
			buildActionMask = 2147483647;
			files = (
			);
			runOnlyForDeploymentPostprocessing = 0;
		};
		6CC584C42B97D32F00070734 /* Frameworks */ = {
			isa = PBXFrameworksBuildPhase;
			buildActionMask = 2147483647;
			files = (
			);
			runOnlyForDeploymentPostprocessing = 0;
		};
		6CC584CE2B97D32F00070734 /* Frameworks */ = {
			isa = PBXFrameworksBuildPhase;
			buildActionMask = 2147483647;
			files = (
			);
			runOnlyForDeploymentPostprocessing = 0;
		};
/* End PBXFrameworksBuildPhase section */

/* Begin PBXGroup section */
		6CC584A82B97D32E00070734 = {
			isa = PBXGroup;
			children = (
				6CC584B32B97D32E00070734 /* Rup_Chandra_Khatri_MT_8964748 */,
				6CC584CA2B97D32F00070734 /* Rup_Chandra_Khatri_MT_8964748Tests */,
				6CC584D42B97D32F00070734 /* Rup_Chandra_Khatri_MT_8964748UITests */,
				6CC584B22B97D32E00070734 /* Products */,
			);
			sourceTree = "<group>";
		};
		6CC584B22B97D32E00070734 /* Products */ = {
			isa = PBXGroup;
			children = (
				6CC584B12B97D32E00070734 /* Rup_Chandra_Khatri_MT_8964748.app */,
				6CC584C72B97D32F00070734 /* Rup_Chandra_Khatri_MT_8964748Tests.xctest */,
				6CC584D12B97D32F00070734 /* Rup_Chandra_Khatri_MT_8964748UITests.xctest */,
			);
			name = Products;
			sourceTree = "<group>";
		};
		6CC584B32B97D32E00070734 /* Rup_Chandra_Khatri_MT_8964748 */ = {
			isa = PBXGroup;
			children = (
				6CC584B42B97D32E00070734 /* AppDelegate.swift */,
				6CC584B62B97D32E00070734 /* SceneDelegate.swift */,
				6CC584BA2B97D32E00070734 /* Main.storyboard */,
				6C6D2BAA2B980AFA00111E70 /* QuadraticSceneViewController.swift */,
				6C6D2BA02B9808F100111E70 /* CanadaSceneViewController.swift */,
				6C6D2BA22B98091C00111E70 /* FunctionSceneViewController.swift */,
				6CC584B82B97D32E00070734 /* MyLabsViewController.swift */,
				6C6D2BA42B980A4100111E70 /* Lab2ViewController.swift */,
				6C6D2BA62B980A5300111E70 /* Lab3ViewController.swift */,
				6C6D2BA82B980A5E00111E70 /* Lab4ViewController.swift */,
				6CC584BD2B97D32F00070734 /* Assets.xcassets */,
				6CC584BF2B97D32F00070734 /* LaunchScreen.storyboard */,
				6CC584C22B97D32F00070734 /* Info.plist */,
			);
			path = Rup_Chandra_Khatri_MT_8964748;
			sourceTree = "<group>";
		};
		6CC584CA2B97D32F00070734 /* Rup_Chandra_Khatri_MT_8964748Tests */ = {
			isa = PBXGroup;
			children = (
				6CC584CB2B97D32F00070734 /* Rup_Chandra_Khatri_MT_8964748Tests.swift */,
			);
			path = Rup_Chandra_Khatri_MT_8964748Tests;
			sourceTree = "<group>";
		};
		6CC584D42B97D32F00070734 /* Rup_Chandra_Khatri_MT_8964748UITests */ = {
			isa = PBXGroup;
			children = (
				6CC584D52B97D32F00070734 /* Rup_Chandra_Khatri_MT_8964748UITests.swift */,
				6CC584D72B97D32F00070734 /* Rup_Chandra_Khatri_MT_8964748UITestsLaunchTests.swift */,
			);
			path = Rup_Chandra_Khatri_MT_8964748UITests;
			sourceTree = "<group>";
		};
/* End PBXGroup section */

/* Begin PBXNativeTarget section */
		6CC584B02B97D32E00070734 /* Rup_Chandra_Khatri_MT_8964748 */ = {
			isa = PBXNativeTarget;
			buildConfigurationList = 6CC584DB2B97D32F00070734 /* Build configuration list for PBXNativeTarget "Rup_Chandra_Khatri_MT_8964748" */;
			buildPhases = (
				6CC584AD2B97D32E00070734 /* Sources */,
				6CC584AE2B97D32E00070734 /* Frameworks */,
				6CC584AF2B97D32E00070734 /* Resources */,
			);
			buildRules = (
			);
			dependencies = (
			);
			name = Rup_Chandra_Khatri_MT_8964748;
			productName = Rup_Chandra_Khatri_MT_8964748;
			productReference = 6CC584B12B97D32E00070734 /* Rup_Chandra_Khatri_MT_8964748.app */;
			productType = "com.apple.product-type.application";
		};
		6CC584C62B97D32F00070734 /* Rup_Chandra_Khatri_MT_8964748Tests */ = {
			isa = PBXNativeTarget;
			buildConfigurationList = 6CC584DE2B97D32F00070734 /* Build configuration list for PBXNativeTarget "Rup_Chandra_Khatri_MT_8964748Tests" */;
			buildPhases = (
				6CC584C32B97D32F00070734 /* Sources */,
				6CC584C42B97D32F00070734 /* Frameworks */,
				6CC584C52B97D32F00070734 /* Resources */,
			);
			buildRules = (
			);
			dependencies = (
				6CC584C92B97D32F00070734 /* PBXTargetDependency */,
			);
			name = Rup_Chandra_Khatri_MT_8964748Tests;
			productName = Rup_Chandra_Khatri_MT_8964748Tests;
			productReference = 6CC584C72B97D32F00070734 /* Rup_Chandra_Khatri_MT_8964748Tests.xctest */;
			productType = "com.apple.product-type.bundle.unit-test";
		};
		6CC584D02B97D32F00070734 /* Rup_Chandra_Khatri_MT_8964748UITests */ = {
			isa = PBXNativeTarget;
			buildConfigurationList = 6CC584E12B97D32F00070734 /* Build configuration list for PBXNativeTarget "Rup_Chandra_Khatri_MT_8964748UITests" */;
			buildPhases = (
				6CC584CD2B97D32F00070734 /* Sources */,
				6CC584CE2B97D32F00070734 /* Frameworks */,
				6CC584CF2B97D32F00070734 /* Resources */,
			);
			buildRules = (
			);
			dependencies = (
				6CC584D32B97D32F00070734 /* PBXTargetDependency */,
			);
			name = Rup_Chandra_Khatri_MT_8964748UITests;
			productName = Rup_Chandra_Khatri_MT_8964748UITests;
			productReference = 6CC584D12B97D32F00070734 /* Rup_Chandra_Khatri_MT_8964748UITests.xctest */;
			productType = "com.apple.product-type.bundle.ui-testing";
		};
/* End PBXNativeTarget section */

/* Begin PBXProject section */
		6CC584A92B97D32E00070734 /* Project object */ = {
			isa = PBXProject;
			attributes = {
				BuildIndependentTargetsInParallel = 1;
				LastSwiftUpdateCheck = 1420;
				LastUpgradeCheck = 1420;
				TargetAttributes = {
					6CC584B02B97D32E00070734 = {
						CreatedOnToolsVersion = 14.2;
					};
					6CC584C62B97D32F00070734 = {
						CreatedOnToolsVersion = 14.2;
						TestTargetID = 6CC584B02B97D32E00070734;
					};
					6CC584D02B97D32F00070734 = {
						CreatedOnToolsVersion = 14.2;
						TestTargetID = 6CC584B02B97D32E00070734;
					};
				};
			};
			buildConfigurationList = 6CC584AC2B97D32E00070734 /* Build configuration list for PBXProject "Rup_Chandra_Khatri_MT_8964748" */;
			compatibilityVersion = "Xcode 14.0";
			developmentRegion = en;
			hasScannedForEncodings = 0;
			knownRegions = (
				en,
				Base,
			);
			mainGroup = 6CC584A82B97D32E00070734;
			productRefGroup = 6CC584B22B97D32E00070734 /* Products */;
			projectDirPath = "";
			projectRoot = "";
			targets = (
				6CC584B02B97D32E00070734 /* Rup_Chandra_Khatri_MT_8964748 */,
				6CC584C62B97D32F00070734 /* Rup_Chandra_Khatri_MT_8964748Tests */,
				6CC584D02B97D32F00070734 /* Rup_Chandra_Khatri_MT_8964748UITests */,
			);
		};
/* End PBXProject section */

/* Begin PBXResourcesBuildPhase section */
		6CC584AF2B97D32E00070734 /* Resources */ = {
			isa = PBXResourcesBuildPhase;
			buildActionMask = 2147483647;
			files = (
				6CC584C12B97D32F00070734 /* LaunchScreen.storyboard in Resources */,
				6CC584BE2B97D32F00070734 /* Assets.xcassets in Resources */,
				6CC584BC2B97D32E00070734 /* Main.storyboard in Resources */,
			);
			runOnlyForDeploymentPostprocessing = 0;
		};
		6CC584C52B97D32F00070734 /* Resources */ = {
			isa = PBXResourcesBuildPhase;
			buildActionMask = 2147483647;
			files = (
			);
			runOnlyForDeploymentPostprocessing = 0;
		};
		6CC584CF2B97D32F00070734 /* Resources */ = {
			isa = PBXResourcesBuildPhase;
			buildActionMask = 2147483647;
			files = (
			);
			runOnlyForDeploymentPostprocessing = 0;
		};
/* End PBXResourcesBuildPhase section */

/* Begin PBXSourcesBuildPhase section */
		6CC584AD2B97D32E00070734 /* Sources */ = {
			isa = PBXSourcesBuildPhase;
			buildActionMask = 2147483647;
			files = (
				6CC584B92B97D32E00070734 /* MyLabsViewController.swift in Sources */,
				6CC584B52B97D32E00070734 /* AppDelegate.swift in Sources */,
				6CC584B72B97D32E00070734 /* SceneDelegate.swift in Sources */,
				6C6D2BA52B980A4100111E70 /* Lab2ViewController.swift in Sources */,
				6C6D2BA72B980A5300111E70 /* Lab3ViewController.swift in Sources */,
				6C6D2BA92B980A5E00111E70 /* Lab4ViewController.swift in Sources */,
				6C6D2BA32B98091C00111E70 /* FunctionSceneViewController.swift in Sources */,
				6C6D2BA12B9808F100111E70 /* CanadaSceneViewController.swift in Sources */,
				6C6D2BAB2B980AFA00111E70 /* QuadraticSceneViewController.swift in Sources */,
			);
			runOnlyForDeploymentPostprocessing = 0;
		};
		6CC584C32B97D32F00070734 /* Sources */ = {
			isa = PBXSourcesBuildPhase;
			buildActionMask = 2147483647;
			files = (
				6CC584CC2B97D32F00070734 /* Rup_Chandra_Khatri_MT_8964748Tests.swift in Sources */,
			);
			runOnlyForDeploymentPostprocessing = 0;
		};
		6CC584CD2B97D32F00070734 /* Sources */ = {
			isa = PBXSourcesBuildPhase;
			buildActionMask = 2147483647;
			files = (
				6CC584D62B97D32F00070734 /* Rup_Chandra_Khatri_MT_8964748UITests.swift in Sources */,
				6CC584D82B97D32F00070734 /* Rup_Chandra_Khatri_MT_8964748UITestsLaunchTests.swift in Sources */,
			);
			runOnlyForDeploymentPostprocessing = 0;
		};
/* End PBXSourcesBuildPhase section */

/* Begin PBXTargetDependency section */
		6CC584C92B97D32F00070734 /* PBXTargetDependency */ = {
			isa = PBXTargetDependency;
			target = 6CC584B02B97D32E00070734 /* Rup_Chandra_Khatri_MT_8964748 */;
			targetProxy = 6CC584C82B97D32F00070734 /* PBXContainerItemProxy */;
		};
		6CC584D32B97D32F00070734 /* PBXTargetDependency */ = {
			isa = PBXTargetDependency;
			target = 6CC584B02B97D32E00070734 /* Rup_Chandra_Khatri_MT_8964748 */;
			targetProxy = 6CC584D22B97D32F00070734 /* PBXContainerItemProxy */;
		};
/* End PBXTargetDependency section */

/* Begin PBXVariantGroup section */
		6CC584BA2B97D32E00070734 /* Main.storyboard */ = {
			isa = PBXVariantGroup;
			children = (
				6CC584BB2B97D32E00070734 /* Base */,
			);
			name = Main.storyboard;
			sourceTree = "<group>";
		};
		6CC584BF2B97D32F00070734 /* LaunchScreen.storyboard */ = {
			isa = PBXVariantGroup;
			children = (
				6CC584C02B97D32F00070734 /* Base */,
			);
			name = LaunchScreen.storyboard;
			sourceTree = "<group>";
		};
/* End PBXVariantGroup section */

/* Begin XCBuildConfiguration section */
		6CC584D92B97D32F00070734 /* Debug */ = {
			isa = XCBuildConfiguration;
			buildSettings = {
				ALWAYS_SEARCH_USER_PATHS = NO;
				CLANG_ANALYZER_NONNULL = YES;
				CLANG_ANALYZER_NUMBER_OBJECT_CONVERSION = YES_AGGRESSIVE;
				CLANG_CXX_LANGUAGE_STANDARD = "gnu++20";
				CLANG_ENABLE_MODULES = YES;
				CLANG_ENABLE_OBJC_ARC = YES;
				CLANG_ENABLE_OBJC_WEAK = YES;
				CLANG_WARN_BLOCK_CAPTURE_AUTORELEASING = YES;
				CLANG_WARN_BOOL_CONVERSION = YES;
				CLANG_WARN_COMMA = YES;
				CLANG_WARN_CONSTANT_CONVERSION = YES;
				CLANG_WARN_DEPRECATED_OBJC_IMPLEMENTATIONS = YES;
				CLANG_WARN_DIRECT_OBJC_ISA_USAGE = YES_ERROR;
				CLANG_WARN_DOCUMENTATION_COMMENTS = YES;
				CLANG_WARN_EMPTY_BODY = YES;
				CLANG_WARN_ENUM_CONVERSION = YES;
				CLANG_WARN_INFINITE_RECURSION = YES;
				CLANG_WARN_INT_CONVERSION = YES;
				CLANG_WARN_NON_LITERAL_NULL_CONVERSION = YES;
				CLANG_WARN_OBJC_IMPLICIT_RETAIN_SELF = YES;
				CLANG_WARN_OBJC_LITERAL_CONVERSION = YES;
				CLANG_WARN_OBJC_ROOT_CLASS = YES_ERROR;
				CLANG_WARN_QUOTED_INCLUDE_IN_FRAMEWORK_HEADER = YES;
				CLANG_WARN_RANGE_LOOP_ANALYSIS = YES;
				CLANG_WARN_STRICT_PROTOTYPES = YES;
				CLANG_WARN_SUSPICIOUS_MOVE = YES;
				CLANG_WARN_UNGUARDED_AVAILABILITY = YES_AGGRESSIVE;
				CLANG_WARN_UNREACHABLE_CODE = YES;
				CLANG_WARN__DUPLICATE_METHOD_MATCH = YES;
				COPY_PHASE_STRIP = NO;
				DEBUG_INFORMATION_FORMAT = dwarf;
				ENABLE_STRICT_OBJC_MSGSEND = YES;
				ENABLE_TESTABILITY = YES;
				GCC_C_LANGUAGE_STANDARD = gnu11;
				GCC_DYNAMIC_NO_PIC = NO;
				GCC_NO_COMMON_BLOCKS = YES;
				GCC_OPTIMIZATION_LEVEL = 0;
				GCC_PREPROCESSOR_DEFINITIONS = (
					"DEBUG=1",
					"$(inherited)",
				);
				GCC_WARN_64_TO_32_BIT_CONVERSION = YES;
				GCC_WARN_ABOUT_RETURN_TYPE = YES_ERROR;
				GCC_WARN_UNDECLARED_SELECTOR = YES;
				GCC_WARN_UNINITIALIZED_AUTOS = YES_AGGRESSIVE;
				GCC_WARN_UNUSED_FUNCTION = YES;
				GCC_WARN_UNUSED_VARIABLE = YES;
				IPHONEOS_DEPLOYMENT_TARGET = 16.2;
				MTL_ENABLE_DEBUG_INFO = INCLUDE_SOURCE;
				MTL_FAST_MATH = YES;
				ONLY_ACTIVE_ARCH = YES;
				SDKROOT = iphoneos;
				SWIFT_ACTIVE_COMPILATION_CONDITIONS = DEBUG;
				SWIFT_OPTIMIZATION_LEVEL = "-Onone";
			};
			name = Debug;
		};
		6CC584DA2B97D32F00070734 /* Release */ = {
			isa = XCBuildConfiguration;
			buildSettings = {
				ALWAYS_SEARCH_USER_PATHS = NO;
				CLANG_ANALYZER_NONNULL = YES;
				CLANG_ANALYZER_NUMBER_OBJECT_CONVERSION = YES_AGGRESSIVE;
				CLANG_CXX_LANGUAGE_STANDARD = "gnu++20";
				CLANG_ENABLE_MODULES = YES;
				CLANG_ENABLE_OBJC_ARC = YES;
				CLANG_ENABLE_OBJC_WEAK = YES;
				CLANG_WARN_BLOCK_CAPTURE_AUTORELEASING = YES;
				CLANG_WARN_BOOL_CONVERSION = YES;
				CLANG_WARN_COMMA = YES;
				CLANG_WARN_CONSTANT_CONVERSION = YES;
				CLANG_WARN_DEPRECATED_OBJC_IMPLEMENTATIONS = YES;
				CLANG_WARN_DIRECT_OBJC_ISA_USAGE = YES_ERROR;
				CLANG_WARN_DOCUMENTATION_COMMENTS = YES;
				CLANG_WARN_EMPTY_BODY = YES;
				CLANG_WARN_ENUM_CONVERSION = YES;
				CLANG_WARN_INFINITE_RECURSION = YES;
				CLANG_WARN_INT_CONVERSION = YES;
				CLANG_WARN_NON_LITERAL_NULL_CONVERSION = YES;
				CLANG_WARN_OBJC_IMPLICIT_RETAIN_SELF = YES;
				CLANG_WARN_OBJC_LITERAL_CONVERSION = YES;
				CLANG_WARN_OBJC_ROOT_CLASS = YES_ERROR;
				CLANG_WARN_QUOTED_INCLUDE_IN_FRAMEWORK_HEADER = YES;
				CLANG_WARN_RANGE_LOOP_ANALYSIS = YES;
				CLANG_WARN_STRICT_PROTOTYPES = YES;
				CLANG_WARN_SUSPICIOUS_MOVE = YES;
				CLANG_WARN_UNGUARDED_AVAILABILITY = YES_AGGRESSIVE;
				CLANG_WARN_UNREACHABLE_CODE = YES;
				CLANG_WARN__DUPLICATE_METHOD_MATCH = YES;
				COPY_PHASE_STRIP = NO;
				DEBUG_INFORMATION_FORMAT = "dwarf-with-dsym";
				ENABLE_NS_ASSERTIONS = NO;
				ENABLE_STRICT_OBJC_MSGSEND = YES;
				GCC_C_LANGUAGE_STANDARD = gnu11;
				GCC_NO_COMMON_BLOCKS = YES;
				GCC_WARN_64_TO_32_BIT_CONVERSION = YES;
				GCC_WARN_ABOUT_RETURN_TYPE = YES_ERROR;
				GCC_WARN_UNDECLARED_SELECTOR = YES;
				GCC_WARN_UNINITIALIZED_AUTOS = YES_AGGRESSIVE;
				GCC_WARN_UNUSED_FUNCTION = YES;
				GCC_WARN_UNUSED_VARIABLE = YES;
				IPHONEOS_DEPLOYMENT_TARGET = 16.2;
				MTL_ENABLE_DEBUG_INFO = NO;
				MTL_FAST_MATH = YES;
				SDKROOT = iphoneos;
				SWIFT_COMPILATION_MODE = wholemodule;
				SWIFT_OPTIMIZATION_LEVEL = "-O";
				VALIDATE_PRODUCT = YES;
			};
			name = Release;
		};
		6CC584DC2B97D32F00070734 /* Debug */ = {
			isa = XCBuildConfiguration;
			buildSettings = {
				ASSETCATALOG_COMPILER_APPICON_NAME = AppIcon;
				ASSETCATALOG_COMPILER_GLOBAL_ACCENT_COLOR_NAME = AccentColor;
				CODE_SIGN_STYLE = Automatic;
				CURRENT_PROJECT_VERSION = 1;
				GENERATE_INFOPLIST_FILE = YES;
				INFOPLIST_FILE = Rup_Chandra_Khatri_MT_8964748/Info.plist;
				INFOPLIST_KEY_UIApplicationSupportsIndirectInputEvents = YES;
				INFOPLIST_KEY_UILaunchStoryboardName = LaunchScreen;
				INFOPLIST_KEY_UIMainStoryboardFile = Main;
				INFOPLIST_KEY_UISupportedInterfaceOrientations = UIInterfaceOrientationPortrait;
				INFOPLIST_KEY_UISupportedInterfaceOrientations_iPad = "UIInterfaceOrientationLandscapeLeft UIInterfaceOrientationLandscapeRight UIInterfaceOrientationPortrait UIInterfaceOrientationPortraitUpsideDown";
				LD_RUNPATH_SEARCH_PATHS = (
					"$(inherited)",
					"@executable_path/Frameworks",
				);
				MARKETING_VERSION = 1.0;
				PRODUCT_BUNDLE_IDENTIFIER = "com.conestoga.Rup-Chandra-Khatri-MT-8964748";
				PRODUCT_NAME = "$(TARGET_NAME)";
				SUPPORTED_PLATFORMS = "iphoneos iphonesimulator";
				SUPPORTS_MACCATALYST = NO;
				SUPPORTS_MAC_DESIGNED_FOR_IPHONE_IPAD = NO;
				SWIFT_EMIT_LOC_STRINGS = YES;
				SWIFT_VERSION = 5.0;
				TARGETED_DEVICE_FAMILY = 1;
			};
			name = Debug;
		};
		6CC584DD2B97D32F00070734 /* Release */ = {
			isa = XCBuildConfiguration;
			buildSettings = {
				ASSETCATALOG_COMPILER_APPICON_NAME = AppIcon;
				ASSETCATALOG_COMPILER_GLOBAL_ACCENT_COLOR_NAME = AccentColor;
				CODE_SIGN_STYLE = Automatic;
				CURRENT_PROJECT_VERSION = 1;
				GENERATE_INFOPLIST_FILE = YES;
				INFOPLIST_FILE = Rup_Chandra_Khatri_MT_8964748/Info.plist;
				INFOPLIST_KEY_UIApplicationSupportsIndirectInputEvents = YES;
				INFOPLIST_KEY_UILaunchStoryboardName = LaunchScreen;
				INFOPLIST_KEY_UIMainStoryboardFile = Main;
				INFOPLIST_KEY_UISupportedInterfaceOrientations = UIInterfaceOrientationPortrait;
				INFOPLIST_KEY_UISupportedInterfaceOrientations_iPad = "UIInterfaceOrientationLandscapeLeft UIInterfaceOrientationLandscapeRight UIInterfaceOrientationPortrait UIInterfaceOrientationPortraitUpsideDown";
				LD_RUNPATH_SEARCH_PATHS = (
					"$(inherited)",
					"@executable_path/Frameworks",
				);
				MARKETING_VERSION = 1.0;
				PRODUCT_BUNDLE_IDENTIFIER = "com.conestoga.Rup-Chandra-Khatri-MT-8964748";
				PRODUCT_NAME = "$(TARGET_NAME)";
				SUPPORTED_PLATFORMS = "iphoneos iphonesimulator";
				SUPPORTS_MACCATALYST = NO;
				SUPPORTS_MAC_DESIGNED_FOR_IPHONE_IPAD = NO;
				SWIFT_EMIT_LOC_STRINGS = YES;
				SWIFT_VERSION = 5.0;
				TARGETED_DEVICE_FAMILY = 1;
			};
			name = Release;
		};
		6CC584DF2B97D32F00070734 /* Debug */ = {
			isa = XCBuildConfiguration;
			buildSettings = {
				ALWAYS_EMBED_SWIFT_STANDARD_LIBRARIES = YES;
				BUNDLE_LOADER = "$(TEST_HOST)";
				CODE_SIGN_STYLE = Automatic;
				CURRENT_PROJECT_VERSION = 1;
				GENERATE_INFOPLIST_FILE = YES;
				IPHONEOS_DEPLOYMENT_TARGET = 16.2;
				MARKETING_VERSION = 1.0;
				PRODUCT_BUNDLE_IDENTIFIER = "com.conestoga.Rup-Chandra-Khatri-MT-8964748Tests";
				PRODUCT_NAME = "$(TARGET_NAME)";
				SWIFT_EMIT_LOC_STRINGS = NO;
				SWIFT_VERSION = 5.0;
				TARGETED_DEVICE_FAMILY = "1,2";
				TEST_HOST = "$(BUILT_PRODUCTS_DIR)/Rup_Chandra_Khatri_MT_8964748.app/$(BUNDLE_EXECUTABLE_FOLDER_PATH)/Rup_Chandra_Khatri_MT_8964748";
			};
			name = Debug;
		};
		6CC584E02B97D32F00070734 /* Release */ = {
			isa = XCBuildConfiguration;
			buildSettings = {
				ALWAYS_EMBED_SWIFT_STANDARD_LIBRARIES = YES;
				BUNDLE_LOADER = "$(TEST_HOST)";
				CODE_SIGN_STYLE = Automatic;
				CURRENT_PROJECT_VERSION = 1;
				GENERATE_INFOPLIST_FILE = YES;
				IPHONEOS_DEPLOYMENT_TARGET = 16.2;
				MARKETING_VERSION = 1.0;
				PRODUCT_BUNDLE_IDENTIFIER = "com.conestoga.Rup-Chandra-Khatri-MT-8964748Tests";
				PRODUCT_NAME = "$(TARGET_NAME)";
				SWIFT_EMIT_LOC_STRINGS = NO;
				SWIFT_VERSION = 5.0;
				TARGETED_DEVICE_FAMILY = "1,2";
				TEST_HOST = "$(BUILT_PRODUCTS_DIR)/Rup_Chandra_Khatri_MT_8964748.app/$(BUNDLE_EXECUTABLE_FOLDER_PATH)/Rup_Chandra_Khatri_MT_8964748";
			};
			name = Release;
		};
		6CC584E22B97D32F00070734 /* Debug */ = {
			isa = XCBuildConfiguration;
			buildSettings = {
				ALWAYS_EMBED_SWIFT_STANDARD_LIBRARIES = YES;
				CODE_SIGN_STYLE = Automatic;
				CURRENT_PROJECT_VERSION = 1;
				GENERATE_INFOPLIST_FILE = YES;
				MARKETING_VERSION = 1.0;
				PRODUCT_BUNDLE_IDENTIFIER = "com.conestoga.Rup-Chandra-Khatri-MT-8964748UITests";
				PRODUCT_NAME = "$(TARGET_NAME)";
				SWIFT_EMIT_LOC_STRINGS = NO;
				SWIFT_VERSION = 5.0;
				TARGETED_DEVICE_FAMILY = "1,2";
				TEST_TARGET_NAME = Rup_Chandra_Khatri_MT_8964748;
			};
			name = Debug;
		};
		6CC584E32B97D32F00070734 /* Release */ = {
			isa = XCBuildConfiguration;
			buildSettings = {
				ALWAYS_EMBED_SWIFT_STANDARD_LIBRARIES = YES;
				CODE_SIGN_STYLE = Automatic;
				CURRENT_PROJECT_VERSION = 1;
				GENERATE_INFOPLIST_FILE = YES;
				MARKETING_VERSION = 1.0;
				PRODUCT_BUNDLE_IDENTIFIER = "com.conestoga.Rup-Chandra-Khatri-MT-8964748UITests";
				PRODUCT_NAME = "$(TARGET_NAME)";
				SWIFT_EMIT_LOC_STRINGS = NO;
				SWIFT_VERSION = 5.0;
				TARGETED_DEVICE_FAMILY = "1,2";
				TEST_TARGET_NAME = Rup_Chandra_Khatri_MT_8964748;
			};
			name = Release;
		};
/* End XCBuildConfiguration section */

/* Begin XCConfigurationList section */
		6CC584AC2B97D32E00070734 /* Build configuration list for PBXProject "Rup_Chandra_Khatri_MT_8964748" */ = {
			isa = XCConfigurationList;
			buildConfigurations = (
				6CC584D92B97D32F00070734 /* Debug */,
				6CC584DA2B97D32F00070734 /* Release */,
			);
			defaultConfigurationIsVisible = 0;
			defaultConfigurationName = Release;
		};
		6CC584DB2B97D32F00070734 /* Build configuration list for PBXNativeTarget "Rup_Chandra_Khatri_MT_8964748" */ = {
			isa = XCConfigurationList;
			buildConfigurations = (
				6CC584DC2B97D32F00070734 /* Debug */,
				6CC584DD2B97D32F00070734 /* Release */,
			);
			defaultConfigurationIsVisible = 0;
			defaultConfigurationName = Release;
		};
		6CC584DE2B97D32F00070734 /* Build configuration list for PBXNativeTarget "Rup_Chandra_Khatri_MT_8964748Tests" */ = {
			isa = XCConfigurationList;
			buildConfigurations = (
				6CC584DF2B97D32F00070734 /* Debug */,
				6CC584E02B97D32F00070734 /* Release */,
			);
			defaultConfigurationIsVisible = 0;
			defaultConfigurationName = Release;
		};
		6CC584E12B97D32F00070734 /* Build configuration list for PBXNativeTarget "Rup_Chandra_Khatri_MT_8964748UITests" */ = {
			isa = XCConfigurationList;
			buildConfigurations = (
				6CC584E22B97D32F00070734 /* Debug */,
				6CC584E32B97D32F00070734 /* Release */,
			);
			defaultConfigurationIsVisible = 0;
			defaultConfigurationName = Release;
		};
/* End XCConfigurationList section */
	};
	rootObject = 6CC584A92B97D32E00070734 /* Project object */;
}
